
Microsoft Visual Studio Solution File, Format Version 12.00
# Visual Studio Version 17
VisualStudioVersion = 17.14.36109.1 d17.14
MinimumVisualStudioVersion = 10.0.40219.1
Project("{FAE04EC0-301F-11D3-BF4B-00C04F79EFBC}") = "DemoFFmpeg", "DemoFFmpeg.csproj", "{F2D62139-AB2F-4993-8F1E-E67AFC5C6BCF}"
EndProject
Global
	GlobalSection(SolutionConfigurationPlatforms) = preSolution
		Debug|Any CPU = Debug|Any CPU
		Release|Any CPU = Release|Any CPU
	EndGlobalSection
	GlobalSection(ProjectConfigurationPlatforms) = postSolution
		{F2D62139-AB2F-4993-8F1E-E67AFC5C6BCF}.Debug|Any CPU.ActiveCfg = Debug|Any CPU
		{F2D62139-AB2F-4993-8F1E-E67AFC5C6BCF}.Debug|Any CPU.Build.0 = Debug|Any CPU
		{F2D62139-AB2F-4993-8F1E-E67AFC5C6BCF}.Release|Any CPU.ActiveCfg = Release|Any CPU
		{F2D62139-AB2F-4993-8F1E-E67AFC5C6BCF}.Release|Any CPU.Build.0 = Release|Any CPU
	EndGlobalSection
	GlobalSection(SolutionProperties) = preSolution
		HideSolutionNode = FALSE
	EndGlobalSection
	GlobalSection(ExtensibilityGlobals) = postSolution
		SolutionGuid = {A9F1A6CE-2F8D-42CC-895D-60A53FF50142}
	EndGlobalSection
EndGlobal
